
Microsoft Visual Studio Solution File, Format Version 11.00
# Visual Studio 2010
Project("{FAE04EC0-301F-11D3-BF4B-00C04F79EFBC}") = "xl2cad", "xl2cad.csproj", "{EC141B53-3B21-4EC5-874C-18BB4D788A40}"
EndProject
Project("{911E67C6-3D85-4FCE-B560-20A9C3E3FF48}") = "acad", "..\..\Program Files (x86)\AutoCAD 2008\acad.exe", "{3BA45791-5198-4FF2-8005-4228E814BE86}"
	ProjectSection(DebuggerProjectSystem) = preProject
		PortSupplier = 00000000-0000-0000-0000-000000000000
		Executable = D:\Program Files (x86)\AutoCAD 2008\acad.exe
		RemoteMachine = ZTF-PC
		StartingDirectory = D:\Program Files (x86)\AutoCAD 2008
		Environment = 默认值
		LaunchingEngine = 5fff7536-0c87-462d-8fd2-7971d948e6dc
		LaunchSQLEngine = No
		AttachLaunchAction = No
	EndProjectSection
EndProject
Global
	GlobalSection(SolutionConfigurationPlatforms) = preSolution
		Debug|Any CPU = Debug|Any CPU
		Debug|x86 = Debug|x86
		Release|Any CPU = Release|Any CPU
		Release|x86 = Release|x86
	EndGlobalSection
	GlobalSection(ProjectConfigurationPlatforms) = postSolution
		{EC141B53-3B21-4EC5-874C-18BB4D788A40}.Debug|Any CPU.ActiveCfg = Debug|Any CPU
		{EC141B53-3B21-4EC5-874C-18BB4D788A40}.Debug|Any CPU.Build.0 = Debug|Any CPU
		{EC141B53-3B21-4EC5-874C-18BB4D788A40}.Debug|x86.ActiveCfg = Debug|x86
		{EC141B53-3B21-4EC5-874C-18BB4D788A40}.Debug|x86.Build.0 = Debug|x86
		{EC141B53-3B21-4EC5-874C-18BB4D788A40}.Release|Any CPU.ActiveCfg = Release|Any CPU
		{EC141B53-3B21-4EC5-874C-18BB4D788A40}.Release|Any CPU.Build.0 = Release|Any CPU
		{EC141B53-3B21-4EC5-874C-18BB4D788A40}.Release|x86.ActiveCfg = Release|x86
		{EC141B53-3B21-4EC5-874C-18BB4D788A40}.Release|x86.Build.0 = Release|x86
		{3BA45791-5198-4FF2-8005-4228E814BE86}.Debug|Any CPU.ActiveCfg = Debug|x86
		{3BA45791-5198-4FF2-8005-4228E814BE86}.Debug|x86.ActiveCfg = Debug|x86
		{3BA45791-5198-4FF2-8005-4228E814BE86}.Release|Any CPU.ActiveCfg = Debug|x86
		{3BA45791-5198-4FF2-8005-4228E814BE86}.Release|x86.ActiveCfg = Debug|x86
	EndGlobalSection
	GlobalSection(SolutionProperties) = preSolution
		HideSolutionNode = FALSE
	EndGlobalSection
EndGlobal
